
Microsoft Visual Studio Solution File, Format Version 12.00
# Visual Studio Version 16
VisualStudioVersion = 16.0.31729.503
MinimumVisualStudioVersion = 10.0.40219.1
Project("{FAE04EC0-301F-11D3-BF4B-00C04F79EFBC}") = "ForceDelete", "ForceDelete\ForceDelete.csproj", "{E916ED0B-0067-4A0C-9873-554E61068AB3}"
EndProject
Global
	GlobalSection(SolutionConfigurationPlatforms) = preSolution
		Debug|Any CPU = Debug|Any CPU
		Release|Any CPU = Release|Any CPU
	EndGlobalSection
	GlobalSection(ProjectConfigurationPlatforms) = postSolution
		{E916ED0B-0067-4A0C-9873-554E61068AB3}.Debug|Any CPU.ActiveCfg = Debug|Any CPU
		{E916ED0B-0067-4A0C-9873-554E61068AB3}.Debug|Any CPU.Build.0 = Debug|Any CPU
		{E916ED0B-0067-4A0C-9873-554E61068AB3}.Release|Any CPU.ActiveCfg = Release|Any CPU
		{E916ED0B-0067-4A0C-9873-554E61068AB3}.Release|Any CPU.Build.0 = Release|Any CPU
	EndGlobalSection
	GlobalSection(SolutionProperties) = preSolution
		HideSolutionNode = FALSE
	EndGlobalSection
	GlobalSection(ExtensibilityGlobals) = postSolution
		SolutionGuid = {7DB2E5EE-4625-45DD-81AD-4E84A9F26401}
	EndGlobalSection
EndGlobal
